// !$*UTF8*$!
{
	archiveVersion = 1;
	classes = {
	};
	objectVersion = 50;
	objects = {

/* Begin PBXBuildFile section */
		D9AAF50621E38A13004E85CE /* Users.swift in Sources */ = {isa = PBXBuildFile; fileRef = D9AAF50521E38A12004E85CE /* Users.swift */; };
		D9AAF50A21E396BE004E85CE /* AlertView.swift in Sources */ = {isa = PBXBuildFile; fileRef = D9AAF50921E396BD004E85CE /* AlertView.swift */; };
		D9F557EA21DF930800B14AB0 /* AppDelegate.swift in Sources */ = {isa = PBXBuildFile; fileRef = D9F557E921DF930800B14AB0 /* AppDelegate.swift */; };
		D9F557EF21DF930800B14AB0 /* Main.storyboard in Resources */ = {isa = PBXBuildFile; fileRef = D9F557ED21DF930800B14AB0 /* Main.storyboard */; };
		D9F557F121DF930900B14AB0 /* Assets.xcassets in Resources */ = {isa = PBXBuildFile; fileRef = D9F557F021DF930900B14AB0 /* Assets.xcassets */; };
		D9F557F421DF930900B14AB0 /* LaunchScreen.storyboard in Resources */ = {isa = PBXBuildFile; fileRef = D9F557F221DF930900B14AB0 /* LaunchScreen.storyboard */; };
		D9F557FF21DFC33000B14AB0 /* Cats.swift in Sources */ = {isa = PBXBuildFile; fileRef = D9F557FE21DFC33000B14AB0 /* Cats.swift */; };
		D9F5580121DFC85100B14AB0 /* DecodeJson.swift in Sources */ = {isa = PBXBuildFile; fileRef = D9F5580021DFC85100B14AB0 /* DecodeJson.swift */; };
		D9F5580321DFEF7A00B14AB0 /* LogInViewController.swift in Sources */ = {isa = PBXBuildFile; fileRef = D9F5580221DFEF7A00B14AB0 /* LogInViewController.swift */; };
		D9F5580721DFF73E00B14AB0 /* SignUpViewController.swift in Sources */ = {isa = PBXBuildFile; fileRef = D9F5580621DFF73E00B14AB0 /* SignUpViewController.swift */; };
		D9F5580921DFF99400B14AB0 /* TableViewController.swift in Sources */ = {isa = PBXBuildFile; fileRef = D9F5580821DFF99400B14AB0 /* TableViewController.swift */; };
		D9F5580B21DFFB7300B14AB0 /* TableViewCell.swift in Sources */ = {isa = PBXBuildFile; fileRef = D9F5580A21DFFB7300B14AB0 /* TableViewCell.swift */; };
		EDB0D17BBB1E75912721CE36 /* Pods_CatFacts.framework in Frameworks */ = {isa = PBXBuildFile; fileRef = 953EC24784544F6947B221D3 /* Pods_CatFacts.framework */; };
/* End PBXBuildFile section */

/* Begin PBXFileReference section */
		6B93BE229F11D5121A885884 /* Pods-CatFacts.release.xcconfig */ = {isa = PBXFileReference; includeInIndex = 1; lastKnownFileType = text.xcconfig; name = "Pods-CatFacts.release.xcconfig"; path = "Pods/Target Support Files/Pods-CatFacts/Pods-CatFacts.release.xcconfig"; sourceTree = "<group>"; };
		953EC24784544F6947B221D3 /* Pods_CatFacts.framework */ = {isa = PBXFileReference; explicitFileType = wrapper.framework; includeInIndex = 0; path = Pods_CatFacts.framework; sourceTree = BUILT_PRODUCTS_DIR; };
		D9AAF50521E38A12004E85CE /* Users.swift */ = {isa = PBXFileReference; lastKnownFileType = sourcecode.swift; path = Users.swift; sourceTree = "<group>"; };
		D9AAF50921E396BD004E85CE /* AlertView.swift */ = {isa = PBXFileReference; lastKnownFileType = sourcecode.swift; path = AlertView.swift; sourceTree = "<group>"; };
		D9F557E621DF930800B14AB0 /* CatFacts.app */ = {isa = PBXFileReference; explicitFileType = wrapper.application; includeInIndex = 0; path = CatFacts.app; sourceTree = BUILT_PRODUCTS_DIR; };
		D9F557E921DF930800B14AB0 /* AppDelegate.swift */ = {isa = PBXFileReference; lastKnownFileType = sourcecode.swift; path = AppDelegate.swift; sourceTree = "<group>"; };
		D9F557EE21DF930800B14AB0 /* Base */ = {isa = PBXFileReference; lastKnownFileType = file.storyboard; name = Base; path = Base.lproj/Main.storyboard; sourceTree = "<group>"; };
		D9F557F021DF930900B14AB0 /* Assets.xcassets */ = {isa = PBXFileReference; lastKnownFileType = folder.assetcatalog; path = Assets.xcassets; sourceTree = "<group>"; };
		D9F557F321DF930900B14AB0 /* Base */ = {isa = PBXFileReference; lastKnownFileType = file.storyboard; name = Base; path = Base.lproj/LaunchScreen.storyboard; sourceTree = "<group>"; };
		D9F557F521DF930900B14AB0 /* Info.plist */ = {isa = PBXFileReference; lastKnownFileType = text.plist.xml; path = Info.plist; sourceTree = "<group>"; };
		D9F557FE21DFC33000B14AB0 /* Cats.swift */ = {isa = PBXFileReference; lastKnownFileType = sourcecode.swift; path = Cats.swift; sourceTree = "<group>"; };
		D9F5580021DFC85100B14AB0 /* DecodeJson.swift */ = {isa = PBXFileReference; lastKnownFileType = sourcecode.swift; path = DecodeJson.swift; sourceTree = "<group>"; };
		D9F5580221DFEF7A00B14AB0 /* LogInViewController.swift */ = {isa = PBXFileReference; lastKnownFileType = sourcecode.swift; path = LogInViewController.swift; sourceTree = "<group>"; };
		D9F5580621DFF73E00B14AB0 /* SignUpViewController.swift */ = {isa = PBXFileReference; lastKnownFileType = sourcecode.swift; path = SignUpViewController.swift; sourceTree = "<group>"; };
		D9F5580821DFF99400B14AB0 /* TableViewController.swift */ = {isa = PBXFileReference; lastKnownFileType = sourcecode.swift; path = TableViewController.swift; sourceTree = "<group>"; };
		D9F5580A21DFFB7300B14AB0 /* TableViewCell.swift */ = {isa = PBXFileReference; lastKnownFileType = sourcecode.swift; path = TableViewCell.swift; sourceTree = "<group>"; };
		F2F1BA84E16F01B0A7817E25 /* Pods-CatFacts.debug.xcconfig */ = {isa = PBXFileReference; includeInIndex = 1; lastKnownFileType = text.xcconfig; name = "Pods-CatFacts.debug.xcconfig"; path = "Pods/Target Support Files/Pods-CatFacts/Pods-CatFacts.debug.xcconfig"; sourceTree = "<group>"; };
/* End PBXFileReference section */

/* Begin PBXFrameworksBuildPhase section */
		D9F557E321DF930800B14AB0 /* Frameworks */ = {
			isa = PBXFrameworksBuildPhase;
			buildActionMask = 2147483647;
			files = (
				EDB0D17BBB1E75912721CE36 /* Pods_CatFacts.framework in Frameworks */,
			);
			runOnlyForDeploymentPostprocessing = 0;
		};
/* End PBXFrameworksBuildPhase section */

/* Begin PBXGroup section */
		1C5146699095ADE4146DC0A2 /* Frameworks */ = {
			isa = PBXGroup;
			children = (
				953EC24784544F6947B221D3 /* Pods_CatFacts.framework */,
			);
			name = Frameworks;
			sourceTree = "<group>";
		};
		B20455036831DDE07F6E7CF3 /* Pods */ = {
			isa = PBXGroup;
			children = (
				F2F1BA84E16F01B0A7817E25 /* Pods-CatFacts.debug.xcconfig */,
				6B93BE229F11D5121A885884 /* Pods-CatFacts.release.xcconfig */,
			);
			name = Pods;
			sourceTree = "<group>";
		};
		D906E24C21E0F96E00C8FE00 /* Extensions */ = {
			isa = PBXGroup;
			children = (
				D9AAF50921E396BD004E85CE /* AlertView.swift */,
			);
			path = Extensions;
			sourceTree = "<group>";
		};
		D9F557DD21DF930800B14AB0 = {
			isa = PBXGroup;
			children = (
				D9F557E821DF930800B14AB0 /* CatFacts */,
				D9F557E721DF930800B14AB0 /* Products */,
				B20455036831DDE07F6E7CF3 /* Pods */,
				1C5146699095ADE4146DC0A2 /* Frameworks */,
			);
			sourceTree = "<group>";
		};
		D9F557E721DF930800B14AB0 /* Products */ = {
			isa = PBXGroup;
			children = (
				D9F557E621DF930800B14AB0 /* CatFacts.app */,
			);
			name = Products;
			sourceTree = "<group>";
		};
		D9F557E821DF930800B14AB0 /* CatFacts */ = {
			isa = PBXGroup;
			children = (
				D906E24C21E0F96E00C8FE00 /* Extensions */,
				D9F557FB21DFC2CB00B14AB0 /* Model */,
				D9F557FC21DFC2D700B14AB0 /* View */,
				D9F557FD21DFC2E700B14AB0 /* Controller */,
				D9F557E921DF930800B14AB0 /* AppDelegate.swift */,
				D9F557F021DF930900B14AB0 /* Assets.xcassets */,
				D9F557F221DF930900B14AB0 /* LaunchScreen.storyboard */,
				D9F557F521DF930900B14AB0 /* Info.plist */,
			);
			path = CatFacts;
			sourceTree = "<group>";
		};
		D9F557FB21DFC2CB00B14AB0 /* Model */ = {
			isa = PBXGroup;
			children = (
				D9F557FE21DFC33000B14AB0 /* Cats.swift */,
				D9F5580021DFC85100B14AB0 /* DecodeJson.swift */,
				D9AAF50521E38A12004E85CE /* Users.swift */,
			);
			path = Model;
			sourceTree = "<group>";
		};
		D9F557FC21DFC2D700B14AB0 /* View */ = {
			isa = PBXGroup;
			children = (
				D9F557ED21DF930800B14AB0 /* Main.storyboard */,
				D9F5580A21DFFB7300B14AB0 /* TableViewCell.swift */,
			);
			path = View;
			sourceTree = "<group>";
		};
		D9F557FD21DFC2E700B14AB0 /* Controller */ = {
			isa = PBXGroup;
			children = (
				D9F5580221DFEF7A00B14AB0 /* LogInViewController.swift */,
				D9F5580621DFF73E00B14AB0 /* SignUpViewController.swift */,
				D9F5580821DFF99400B14AB0 /* TableViewController.swift */,
			);
			path = Controller;
			sourceTree = "<group>";
		};
/* End PBXGroup section */

/* Begin PBXNativeTarget section */
		D9F557E521DF930800B14AB0 /* CatFacts */ = {
			isa = PBXNativeTarget;
			buildConfigurationList = D9F557F821DF930900B14AB0 /* Build configuration list for PBXNativeTarget "CatFacts" */;
			buildPhases = (
				1F9F66A99A8651E9ED1C69C3 /* [CP] Check Pods Manifest.lock */,
				D9F557E221DF930800B14AB0 /* Sources */,
				D9F557E321DF930800B14AB0 /* Frameworks */,
				D9F557E421DF930800B14AB0 /* Resources */,
				655842215FDB1461546DEAE6 /* [CP] Embed Pods Frameworks */,
			);
			buildRules = (
			);
			dependencies = (
			);
			name = CatFacts;
			productName = CatFacts;
			productReference = D9F557E621DF930800B14AB0 /* CatFacts.app */;
			productType = "com.apple.product-type.application";
		};
/* End PBXNativeTarget section */

/* Begin PBXProject section */
		D9F557DE21DF930800B14AB0 /* Project object */ = {
			isa = PBXProject;
			attributes = {
				LastSwiftUpdateCheck = 1010;
				LastUpgradeCheck = 1010;
				ORGANIZATIONNAME = "Тимур Кошевой";
				TargetAttributes = {
					D9F557E521DF930800B14AB0 = {
						CreatedOnToolsVersion = 10.1;
					};
				};
			};
			buildConfigurationList = D9F557E121DF930800B14AB0 /* Build configuration list for PBXProject "CatFacts" */;
			compatibilityVersion = "Xcode 9.3";
			developmentRegion = en;
			hasScannedForEncodings = 0;
			knownRegions = (
				en,
				Base,
			);
			mainGroup = D9F557DD21DF930800B14AB0;
			productRefGroup = D9F557E721DF930800B14AB0 /* Products */;
			projectDirPath = "";
			projectRoot = "";
			targets = (
				D9F557E521DF930800B14AB0 /* CatFacts */,
			);
		};
/* End PBXProject section */

/* Begin PBXResourcesBuildPhase section */
		D9F557E421DF930800B14AB0 /* Resources */ = {
			isa = PBXResourcesBuildPhase;
			buildActionMask = 2147483647;
			files = (
				D9F557F421DF930900B14AB0 /* LaunchScreen.storyboard in Resources */,
				D9F557F121DF930900B14AB0 /* Assets.xcassets in Resources */,
				D9F557EF21DF930800B14AB0 /* Main.storyboard in Resources */,
			);
			runOnlyForDeploymentPostprocessing = 0;
		};
/* End PBXResourcesBuildPhase section */

/* Begin PBXShellScriptBuildPhase section */
		1F9F66A99A8651E9ED1C69C3 /* [CP] Check Pods Manifest.lock */ = {
			isa = PBXShellScriptBuildPhase;
			buildActionMask = 2147483647;
			files = (
			);
			inputPaths = (
				"${PODS_PODFILE_DIR_PATH}/Podfile.lock",
				"${PODS_ROOT}/Manifest.lock",
			);
			name = "[CP] Check Pods Manifest.lock";
			outputPaths = (
				"$(DERIVED_FILE_DIR)/Pods-CatFacts-checkManifestLockResult.txt",
			);
			runOnlyForDeploymentPostprocessing = 0;
			shellPath = /bin/sh;
			shellScript = "diff \"${PODS_PODFILE_DIR_PATH}/Podfile.lock\" \"${PODS_ROOT}/Manifest.lock\" > /dev/null\nif [ $? != 0 ] ; then\n    # print error to STDERR\n    echo \"error: The sandbox is not in sync with the Podfile.lock. Run 'pod install' or update your CocoaPods installation.\" >&2\n    exit 1\nfi\n# This output is used by Xcode 'outputs' to avoid re-running this script phase.\necho \"SUCCESS\" > \"${SCRIPT_OUTPUT_FILE_0}\"\n";
			showEnvVarsInLog = 0;
		};
		655842215FDB1461546DEAE6 /* [CP] Embed Pods Frameworks */ = {
			isa = PBXShellScriptBuildPhase;
			buildActionMask = 2147483647;
			files = (
			);
			inputPaths = (
				"${SRCROOT}/Pods/Target Support Files/Pods-CatFacts/Pods-CatFacts-frameworks.sh",
				"${BUILT_PRODUCTS_DIR}/Realm/Realm.framework",
				"${BUILT_PRODUCTS_DIR}/RealmSwift/RealmSwift.framework",
				"${BUILT_PRODUCTS_DIR}/ValidationComponents/ValidationComponents.framework",
				"${BUILT_PRODUCTS_DIR}/ValidationToolkit/ValidationToolkit.framework",
			);
			name = "[CP] Embed Pods Frameworks";
			outputPaths = (
				"${TARGET_BUILD_DIR}/${FRAMEWORKS_FOLDER_PATH}/Realm.framework",
				"${TARGET_BUILD_DIR}/${FRAMEWORKS_FOLDER_PATH}/RealmSwift.framework",
				"${TARGET_BUILD_DIR}/${FRAMEWORKS_FOLDER_PATH}/ValidationComponents.framework",
				"${TARGET_BUILD_DIR}/${FRAMEWORKS_FOLDER_PATH}/ValidationToolkit.framework",
			);
			runOnlyForDeploymentPostprocessing = 0;
			shellPath = /bin/sh;
			shellScript = "\"${SRCROOT}/Pods/Target Support Files/Pods-CatFacts/Pods-CatFacts-frameworks.sh\"\n";
			showEnvVarsInLog = 0;
		};
/* End PBXShellScriptBuildPhase section */

/* Begin PBXSourcesBuildPhase section */
		D9F557E221DF930800B14AB0 /* Sources */ = {
			isa = PBXSourcesBuildPhase;
			buildActionMask = 2147483647;
			files = (
				D9AAF50621E38A13004E85CE /* Users.swift in Sources */,
				D9F557FF21DFC33000B14AB0 /* Cats.swift in Sources */,
				D9AAF50A21E396BE004E85CE /* AlertView.swift in Sources */,
				D9F5580921DFF99400B14AB0 /* TableViewController.swift in Sources */,
				D9F5580121DFC85100B14AB0 /* DecodeJson.swift in Sources */,
				D9F5580321DFEF7A00B14AB0 /* LogInViewController.swift in Sources */,
				D9F557EA21DF930800B14AB0 /* AppDelegate.swift in Sources */,
				D9F5580B21DFFB7300B14AB0 /* TableViewCell.swift in Sources */,
				D9F5580721DFF73E00B14AB0 /* SignUpViewController.swift in Sources */,
			);
			runOnlyForDeploymentPostprocessing = 0;
		};
/* End PBXSourcesBuildPhase section */

/* Begin PBXVariantGroup section */
		D9F557ED21DF930800B14AB0 /* Main.storyboard */ = {
			isa = PBXVariantGroup;
			children = (
				D9F557EE21DF930800B14AB0 /* Base */,
			);
			name = Main.storyboard;
			sourceTree = "<group>";
		};
		D9F557F221DF930900B14AB0 /* LaunchScreen.storyboard */ = {
			isa = PBXVariantGroup;
			children = (
				D9F557F321DF930900B14AB0 /* Base */,
			);
			name = LaunchScreen.storyboard;
			sourceTree = "<group>";
		};
/* End PBXVariantGroup section */

/* Begin XCBuildConfiguration section */
		D9F557F621DF930900B14AB0 /* Debug */ = {
			isa = XCBuildConfiguration;
			buildSettings = {
				ALWAYS_SEARCH_USER_PATHS = NO;
				CLANG_ANALYZER_NONNULL = YES;
				CLANG_ANALYZER_NUMBER_OBJECT_CONVERSION = YES_AGGRESSIVE;
				CLANG_CXX_LANGUAGE_STANDARD = "gnu++14";
				CLANG_CXX_LIBRARY = "libc++";
				CLANG_ENABLE_MODULES = YES;
				CLANG_ENABLE_OBJC_ARC = YES;
				CLANG_ENABLE_OBJC_WEAK = YES;
				CLANG_WARN_BLOCK_CAPTURE_AUTORELEASING = YES;
				CLANG_WARN_BOOL_CONVERSION = YES;
				CLANG_WARN_COMMA = YES;
				CLANG_WARN_CONSTANT_CONVERSION = YES;
				CLANG_WARN_DEPRECATED_OBJC_IMPLEMENTATIONS = YES;
				CLANG_WARN_DIRECT_OBJC_ISA_USAGE = YES_ERROR;
				CLANG_WARN_DOCUMENTATION_COMMENTS = YES;
				CLANG_WARN_EMPTY_BODY = YES;
				CLANG_WARN_ENUM_CONVERSION = YES;
				CLANG_WARN_INFINITE_RECURSION = YES;
				CLANG_WARN_INT_CONVERSION = YES;
				CLANG_WARN_NON_LITERAL_NULL_CONVERSION = YES;
				CLANG_WARN_OBJC_IMPLICIT_RETAIN_SELF = YES;
				CLANG_WARN_OBJC_LITERAL_CONVERSION = YES;
				CLANG_WARN_OBJC_ROOT_CLASS = YES_ERROR;
				CLANG_WARN_RANGE_LOOP_ANALYSIS = YES;
				CLANG_WARN_STRICT_PROTOTYPES = YES;
				CLANG_WARN_SUSPICIOUS_MOVE = YES;
				CLANG_WARN_UNGUARDED_AVAILABILITY = YES_AGGRESSIVE;
				CLANG_WARN_UNREACHABLE_CODE = YES;
				CLANG_WARN__DUPLICATE_METHOD_MATCH = YES;
				CODE_SIGN_IDENTITY = "iPhone Developer";
				COPY_PHASE_STRIP = NO;
				DEBUG_INFORMATION_FORMAT = dwarf;
				ENABLE_STRICT_OBJC_MSGSEND = YES;
				ENABLE_TESTABILITY = YES;
				GCC_C_LANGUAGE_STANDARD = gnu11;
				GCC_DYNAMIC_NO_PIC = NO;
				GCC_NO_COMMON_BLOCKS = YES;
				GCC_OPTIMIZATION_LEVEL = 0;
				GCC_PREPROCESSOR_DEFINITIONS = (
					"DEBUG=1",
					"$(inherited)",
				);
				GCC_WARN_64_TO_32_BIT_CONVERSION = YES;
				GCC_WARN_ABOUT_RETURN_TYPE = YES_ERROR;
				GCC_WARN_UNDECLARED_SELECTOR = YES;
				GCC_WARN_UNINITIALIZED_AUTOS = YES_AGGRESSIVE;
				GCC_WARN_UNUSED_FUNCTION = YES;
				GCC_WARN_UNUSED_VARIABLE = YES;
				IPHONEOS_DEPLOYMENT_TARGET = 12.1;
				MTL_ENABLE_DEBUG_INFO = INCLUDE_SOURCE;
				MTL_FAST_MATH = YES;
				ONLY_ACTIVE_ARCH = YES;
				SDKROOT = iphoneos;
				SWIFT_ACTIVE_COMPILATION_CONDITIONS = DEBUG;
				SWIFT_OPTIMIZATION_LEVEL = "-Onone";
			};
			name = Debug;
		};
		D9F557F721DF930900B14AB0 /* Release */ = {
			isa = XCBuildConfiguration;
			buildSettings = {
				ALWAYS_SEARCH_USER_PATHS = NO;
				CLANG_ANALYZER_NONNULL = YES;
				CLANG_ANALYZER_NUMBER_OBJECT_CONVERSION = YES_AGGRESSIVE;
				CLANG_CXX_LANGUAGE_STANDARD = "gnu++14";
				CLANG_CXX_LIBRARY = "libc++";
				CLANG_ENABLE_MODULES = YES;
				CLANG_ENABLE_OBJC_ARC = YES;
				CLANG_ENABLE_OBJC_WEAK = YES;
				CLANG_WARN_BLOCK_CAPTURE_AUTORELEASING = YES;
				CLANG_WARN_BOOL_CONVERSION = YES;
				CLANG_WARN_COMMA = YES;
				CLANG_WARN_CONSTANT_CONVERSION = YES;
				CLANG_WARN_DEPRECATED_OBJC_IMPLEMENTATIONS = YES;
				CLANG_WARN_DIRECT_OBJC_ISA_USAGE = YES_ERROR;
				CLANG_WARN_DOCUMENTATION_COMMENTS = YES;
				CLANG_WARN_EMPTY_BODY = YES;
				CLANG_WARN_ENUM_CONVERSION = YES;
				CLANG_WARN_INFINITE_RECURSION = YES;
				CLANG_WARN_INT_CONVERSION = YES;
				CLANG_WARN_NON_LITERAL_NULL_CONVERSION = YES;
				CLANG_WARN_OBJC_IMPLICIT_RETAIN_SELF = YES;
				CLANG_WARN_OBJC_LITERAL_CONVERSION = YES;
				CLANG_WARN_OBJC_ROOT_CLASS = YES_ERROR;
				CLANG_WARN_RANGE_LOOP_ANALYSIS = YES;
				CLANG_WARN_STRICT_PROTOTYPES = YES;
				CLANG_WARN_SUSPICIOUS_MOVE = YES;
				CLANG_WARN_UNGUARDED_AVAILABILITY = YES_AGGRESSIVE;
				CLANG_WARN_UNREACHABLE_CODE = YES;
				CLANG_WARN__DUPLICATE_METHOD_MATCH = YES;
				CODE_SIGN_IDENTITY = "iPhone Developer";
				COPY_PHASE_STRIP = NO;
				DEBUG_INFORMATION_FORMAT = "dwarf-with-dsym";
				ENABLE_NS_ASSERTIONS = NO;
				ENABLE_STRICT_OBJC_MSGSEND = YES;
				GCC_C_LANGUAGE_STANDARD = gnu11;
				GCC_NO_COMMON_BLOCKS = YES;
				GCC_WARN_64_TO_32_BIT_CONVERSION = YES;
				GCC_WARN_ABOUT_RETURN_TYPE = YES_ERROR;
				GCC_WARN_UNDECLARED_SELECTOR = YES;
				GCC_WARN_UNINITIALIZED_AUTOS = YES_AGGRESSIVE;
				GCC_WARN_UNUSED_FUNCTION = YES;
				GCC_WARN_UNUSED_VARIABLE = YES;
				IPHONEOS_DEPLOYMENT_TARGET = 12.1;
				MTL_ENABLE_DEBUG_INFO = NO;
				MTL_FAST_MATH = YES;
				SDKROOT = iphoneos;
				SWIFT_COMPILATION_MODE = wholemodule;
				SWIFT_OPTIMIZATION_LEVEL = "-O";
				VALIDATE_PRODUCT = YES;
			};
			name = Release;
		};
		D9F557F921DF930900B14AB0 /* Debug */ = {
			isa = XCBuildConfiguration;
			baseConfigurationReference = F2F1BA84E16F01B0A7817E25 /* Pods-CatFacts.debug.xcconfig */;
			buildSettings = {
				ASSETCATALOG_COMPILER_APPICON_NAME = AppIcon;
				CODE_SIGN_STYLE = Automatic;
				DEVELOPMENT_TEAM = H9FL6Z93F8;
				INFOPLIST_FILE = CatFacts/Info.plist;
				LD_RUNPATH_SEARCH_PATHS = "$(inherited) @executable_path/Frameworks";
				PRODUCT_BUNDLE_IDENTIFIER = com.timur.CatFacts;
				PRODUCT_NAME = "$(TARGET_NAME)";
				SWIFT_VERSION = 4.2;
				TARGETED_DEVICE_FAMILY = "1,2";
			};
			name = Debug;
		};
		D9F557FA21DF930900B14AB0 /* Release */ = {
			isa = XCBuildConfiguration;
			baseConfigurationReference = 6B93BE229F11D5121A885884 /* Pods-CatFacts.release.xcconfig */;
			buildSettings = {
				ASSETCATALOG_COMPILER_APPICON_NAME = AppIcon;
				CODE_SIGN_STYLE = Automatic;
				DEVELOPMENT_TEAM = H9FL6Z93F8;
				INFOPLIST_FILE = CatFacts/Info.plist;
				LD_RUNPATH_SEARCH_PATHS = "$(inherited) @executable_path/Frameworks";
				PRODUCT_BUNDLE_IDENTIFIER = com.timur.CatFacts;
				PRODUCT_NAME = "$(TARGET_NAME)";
				SWIFT_VERSION = 4.2;
				TARGETED_DEVICE_FAMILY = "1,2";
			};
			name = Release;
		};
/* End XCBuildConfiguration section */

/* Begin XCConfigurationList section */
		D9F557E121DF930800B14AB0 /* Build configuration list for PBXProject "CatFacts" */ = {
			isa = XCConfigurationList;
			buildConfigurations = (
				D9F557F621DF930900B14AB0 /* Debug */,
				D9F557F721DF930900B14AB0 /* Release */,
			);
			defaultConfigurationIsVisible = 0;
			defaultConfigurationName = Release;
		};
		D9F557F821DF930900B14AB0 /* Build configuration list for PBXNativeTarget "CatFacts" */ = {
			isa = XCConfigurationList;
			buildConfigurations = (
				D9F557F921DF930900B14AB0 /* Debug */,
				D9F557FA21DF930900B14AB0 /* Release */,
			);
			defaultConfigurationIsVisible = 0;
			defaultConfigurationName = Release;
		};
/* End XCConfigurationList section */
	};
	rootObject = D9F557DE21DF930800B14AB0 /* Project object */;
}
